
Microsoft Visual Studio Solution File, Format Version 12.00
# Visual Studio Version 17
VisualStudioVersion = 17.2.32526.322
MinimumVisualStudioVersion = 10.0.40219.1
Project("{9A19103F-16F7-4668-BE54-9A1E7A4F7556}") = "GSID.ApiUsers", "GSID.ApiUsers.csproj", "{8A4A6B49-FA9E-4217-9875-70C3A02AE9F3}"
EndProject
Project("{9A19103F-16F7-4668-BE54-9A1E7A4F7556}") = "GSID.Logs", "..\..\API-Logs\GSID.Logs\GSID.Logs.csproj", "{981D259A-7FEC-4EAC-899A-E01539024FD5}"
EndProject
Project("{9A19103F-16F7-4668-BE54-9A1E7A4F7556}") = "GSID.Users", "..\GSID.Users\GSID.Users.csproj", "{251E1EA5-41A3-4511-A113-68CBA27883F0}"
EndProject
Global
	GlobalSection(SolutionConfigurationPlatforms) = preSolution
		Debug|Any CPU = Debug|Any CPU
		Release|Any CPU = Release|Any CPU
	EndGlobalSection
	GlobalSection(ProjectConfigurationPlatforms) = postSolution
		{8A4A6B49-FA9E-4217-9875-70C3A02AE9F3}.Debug|Any CPU.ActiveCfg = Debug|Any CPU
		{8A4A6B49-FA9E-4217-9875-70C3A02AE9F3}.Debug|Any CPU.Build.0 = Debug|Any CPU
		{8A4A6B49-FA9E-4217-9875-70C3A02AE9F3}.Release|Any CPU.ActiveCfg = Release|Any CPU
		{8A4A6B49-FA9E-4217-9875-70C3A02AE9F3}.Release|Any CPU.Build.0 = Release|Any CPU
		{981D259A-7FEC-4EAC-899A-E01539024FD5}.Debug|Any CPU.ActiveCfg = Debug|Any CPU
		{981D259A-7FEC-4EAC-899A-E01539024FD5}.Debug|Any CPU.Build.0 = Debug|Any CPU
		{981D259A-7FEC-4EAC-899A-E01539024FD5}.Release|Any CPU.ActiveCfg = Release|Any CPU
		{981D259A-7FEC-4EAC-899A-E01539024FD5}.Release|Any CPU.Build.0 = Release|Any CPU
		{251E1EA5-41A3-4511-A113-68CBA27883F0}.Debug|Any CPU.ActiveCfg = Debug|Any CPU
		{251E1EA5-41A3-4511-A113-68CBA27883F0}.Debug|Any CPU.Build.0 = Debug|Any CPU
		{251E1EA5-41A3-4511-A113-68CBA27883F0}.Release|Any CPU.ActiveCfg = Release|Any CPU
		{251E1EA5-41A3-4511-A113-68CBA27883F0}.Release|Any CPU.Build.0 = Release|Any CPU
	EndGlobalSection
	GlobalSection(SolutionProperties) = preSolution
		HideSolutionNode = FALSE
	EndGlobalSection
	GlobalSection(ExtensibilityGlobals) = postSolution
		SolutionGuid = {C29154DE-494E-4CF3-ABD8-2EA1C5AE9D5D}
	EndGlobalSection
EndGlobal
