
Microsoft Visual Studio Solution File, Format Version 12.00
# Visual Studio Version 17
VisualStudioVersion = 17.2.32519.379
MinimumVisualStudioVersion = 10.0.40219.1
Project("{FAE04EC0-301F-11D3-BF4B-00C04F79EFBC}") = "GSID.Users", "GSID.Users.csproj", "{E084D1BE-E2F5-44AA-9235-25322CA231AB}"
EndProject
Global
	GlobalSection(SolutionConfigurationPlatforms) = preSolution
		Debug|Any CPU = Debug|Any CPU
		Release|Any CPU = Release|Any CPU
	EndGlobalSection
	GlobalSection(ProjectConfigurationPlatforms) = postSolution
		{E084D1BE-E2F5-44AA-9235-25322CA231AB}.Debug|Any CPU.ActiveCfg = Debug|Any CPU
		{E084D1BE-E2F5-44AA-9235-25322CA231AB}.Debug|Any CPU.Build.0 = Debug|Any CPU
		{E084D1BE-E2F5-44AA-9235-25322CA231AB}.Release|Any CPU.ActiveCfg = Release|Any CPU
		{E084D1BE-E2F5-44AA-9235-25322CA231AB}.Release|Any CPU.Build.0 = Release|Any CPU
	EndGlobalSection
	GlobalSection(SolutionProperties) = preSolution
		HideSolutionNode = FALSE
	EndGlobalSection
	GlobalSection(ExtensibilityGlobals) = postSolution
		SolutionGuid = {61AF1ACD-4B15-40C5-8571-F44102B6B73A}
	EndGlobalSection
EndGlobal
